{
  "version": 4,
  "terraform_version": "1.0.0",
  "serial": 16,
  "lineage": "9553563a-c537-40ce-8076-2131ae48b534",
  "outputs": {
    "app_service_default_hostname": {
      "value": "https://wamdahhassan-frontend-service.azurewebsites.net",
      "type": "string"
    },
    "app_service_name": {
      "value": "wamdahhassan-frontend-service",
      "type": "string"
    }
  },
  "resources": [
    {
      "mode": "managed",
      "type": "azurerm_app_service",
      "name": "webapp",
      "provider": "provider[\"registry.terraform.io/hashicorp/azurerm\"]",
      "instances": [
        {
          "schema_version": 0,
          "attributes": {
            "app_service_plan_id": "/subscriptions/3eba6e29-3983-495b-a539-c3c4b43fb90c/resourceGroups/wamdahhassan-rg/providers/Microsoft.Web/serverfarms/wamdah-app-svc",
            "app_settings": {
              "WEBSITE_NODE_DEFAULT_VERSION": "6.9.1"
            },
            "auth_settings": [
              {
                "active_directory": [],
                "additional_login_params": {},
                "allowed_external_redirect_urls": [],
                "default_provider": "",
                "enabled": false,
                "facebook": [],
                "google": [],
                "issuer": "",
                "microsoft": [],
                "runtime_version": "",
                "token_refresh_extension_hours": 0,
                "token_store_enabled": false,
                "twitter": [],
                "unauthenticated_client_action": ""
              }
            ],
            "backup": [],
            "client_affinity_enabled": false,
            "client_cert_enabled": false,
            "connection_string": [],
            "custom_domain_verification_id": "08B3C2E0AEB48E3EDFC47AC4F2F3CA5C393F62FB811BBE846BB7D687F96D1078",
            "default_site_hostname": "wamdahhassan-frontend-service.azurewebsites.net",
            "enabled": true,
            "https_only": false,
            "id": "/subscriptions/3eba6e29-3983-495b-a539-c3c4b43fb90c/resourceGroups/wamdahhassan-rg/providers/Microsoft.Web/sites/wamdahhassan-frontend-service",
            "identity": [],
            "location": "uksouth",
            "logs": [
              {
                "application_logs": [
                  {
                    "azure_blob_storage": [],
                    "file_system_level": "Off"
                  }
                ],
                "detailed_error_messages_enabled": false,
                "failed_request_tracing_enabled": false,
                "http_logs": [
                  {
                    "azure_blob_storage": [],
                    "file_system": []
                  }
                ]
              }
            ],
            "name": "wamdahhassan-frontend-service",
            "outbound_ip_address_list": [
              "51.132.155.253",
              "51.132.157.68",
              "51.132.157.239",
              "51.132.158.218",
              "51.132.159.105",
              "51.132.159.146",
              "51.104.28.73"
            ],
            "outbound_ip_addresses": "51.132.155.253,51.132.157.68,51.132.157.239,51.132.158.218,51.132.159.105,51.132.159.146,51.104.28.73",
            "possible_outbound_ip_address_list": [
              "51.132.155.253",
              "51.132.157.68",
              "51.132.157.239",
              "51.132.158.218",
              "51.132.159.105",
              "51.132.159.146",
              "51.132.159.206",
              "20.77.152.18",
              "20.77.152.31",
              "20.77.152.48",
              "20.77.152.61",
              "20.77.152.66",
              "20.77.152.101",
              "20.77.152.102",
              "20.77.152.232",
              "20.77.152.240",
              "20.77.152.255",
              "20.77.153.3",
              "20.77.153.30",
              "20.77.153.65",
              "20.77.153.88",
              "20.77.153.96",
              "20.77.153.98",
              "20.77.153.105",
              "20.77.153.184",
              "20.77.153.192",
              "51.132.44.190",
              "51.132.46.87",
              "51.132.46.135",
              "51.132.47.69",
              "51.104.28.73"
            ],
            "possible_outbound_ip_addresses": "51.132.155.253,51.132.157.68,51.132.157.239,51.132.158.218,51.132.159.105,51.132.159.146,51.132.159.206,20.77.152.18,20.77.152.31,20.77.152.48,20.77.152.61,20.77.152.66,20.77.152.101,20.77.152.102,20.77.152.232,20.77.152.240,20.77.152.255,20.77.153.3,20.77.153.30,20.77.153.65,20.77.153.88,20.77.153.96,20.77.153.98,20.77.153.105,20.77.153.184,20.77.153.192,51.132.44.190,51.132.46.87,51.132.46.135,51.132.47.69,51.104.28.73",
            "resource_group_name": "wamdahhassan-rg",
            "site_config": [
              {
                "always_on": false,
                "app_command_line": "",
                "auto_swap_slot_name": "",
                "cors": [],
                "default_documents": [
                  "Default.htm",
                  "Default.html",
                  "Default.asp",
                  "index.htm",
                  "index.html",
                  "iisstart.htm",
                  "default.aspx",
                  "index.php",
                  "hostingstart.html"
                ],
                "dotnet_framework_version": "v4.0",
                "ftps_state": "AllAllowed",
                "health_check_path": "",
                "http2_enabled": false,
                "ip_restriction": [],
                "java_container": "",
                "java_container_version": "",
                "java_version": "",
                "linux_fx_version": "",
                "local_mysql_enabled": false,
                "managed_pipeline_mode": "Integrated",
                "min_tls_version": "1.2",
                "number_of_workers": 1,
                "php_version": "5.6",
                "python_version": "",
                "remote_debugging_enabled": false,
                "remote_debugging_version": "",
                "scm_ip_restriction": [],
                "scm_type": "None",
                "scm_use_main_ip_restriction": false,
                "use_32_bit_worker_process": true,
                "websockets_enabled": false,
                "windows_fx_version": ""
              }
            ],
            "site_credential": [
              {
                "password": "bKcwgEalhNu3Ghpgg2xCneFtK4gFl6iHxHtRpruWqvvh6LPf1eQe7SpgLMZj",
                "username": "$wamdahhassan-frontend-service"
              }
            ],
            "source_control": [
              {
                "branch": "master",
                "manual_integration": false,
                "repo_url": "",
                "rollback_enabled": false,
                "use_mercurial": false
              }
            ],
            "storage_account": [],
            "tags": {},
            "timeouts": null
          },
          "sensitive_attributes": [],
          "private": "eyJlMmJmYjczMC1lY2FhLTExZTYtOGY4OC0zNDM2M2JjN2M0YzAiOnsiY3JlYXRlIjoxODAwMDAwMDAwMDAwLCJkZWxldGUiOjE4MDAwMDAwMDAwMDAsInJlYWQiOjMwMDAwMDAwMDAwMCwidXBkYXRlIjoxODAwMDAwMDAwMDAwfX0=",
          "dependencies": [
            "azurerm_app_service_plan.sp",
            "azurerm_resource_group.rg"
          ]
        }
      ]
    },
    {
      "mode": "managed",
      "type": "azurerm_app_service",
      "name": "webapp1",
      "provider": "provider[\"registry.terraform.io/hashicorp/azurerm\"]",
      "instances": [
        {
          "schema_version": 0,
          "attributes": {
            "app_service_plan_id": "/subscriptions/3eba6e29-3983-495b-a539-c3c4b43fb90c/resourceGroups/wamdahhassan-rg/providers/Microsoft.Web/serverfarms/wamdah-app-svc",
            "app_settings": {
              "WEBSITE_NODE_DEFAULT_VERSION": "6.9.1"
            },
            "auth_settings": [
              {
                "active_directory": [],
                "additional_login_params": {},
                "allowed_external_redirect_urls": [],
                "default_provider": "",
                "enabled": false,
                "facebook": [],
                "google": [],
                "issuer": "",
                "microsoft": [],
                "runtime_version": "",
                "token_refresh_extension_hours": 0,
                "token_store_enabled": false,
                "twitter": [],
                "unauthenticated_client_action": ""
              }
            ],
            "backup": [],
            "client_affinity_enabled": false,
            "client_cert_enabled": false,
            "connection_string": [],
            "custom_domain_verification_id": "08B3C2E0AEB48E3EDFC47AC4F2F3CA5C393F62FB811BBE846BB7D687F96D1078",
            "default_site_hostname": "wamdahhassan-merge-service.azurewebsites.net",
            "enabled": true,
            "https_only": false,
            "id": "/subscriptions/3eba6e29-3983-495b-a539-c3c4b43fb90c/resourceGroups/wamdahhassan-rg/providers/Microsoft.Web/sites/wamdahhassan-merge-service",
            "identity": [],
            "location": "uksouth",
            "logs": [
              {
                "application_logs": [
                  {
                    "azure_blob_storage": [],
                    "file_system_level": "Off"
                  }
                ],
                "detailed_error_messages_enabled": false,
                "failed_request_tracing_enabled": false,
                "http_logs": [
                  {
                    "azure_blob_storage": [],
                    "file_system": []
                  }
                ]
              }
            ],
            "name": "wamdahhassan-merge-service",
            "outbound_ip_address_list": [
              "51.132.155.253",
              "51.132.157.68",
              "51.132.157.239",
              "51.132.158.218",
              "51.132.159.105",
              "51.132.159.146",
              "51.104.28.73"
            ],
            "outbound_ip_addresses": "51.132.155.253,51.132.157.68,51.132.157.239,51.132.158.218,51.132.159.105,51.132.159.146,51.104.28.73",
            "possible_outbound_ip_address_list": [
              "51.132.155.253",
              "51.132.157.68",
              "51.132.157.239",
              "51.132.158.218",
              "51.132.159.105",
              "51.132.159.146",
              "51.132.159.206",
              "20.77.152.18",
              "20.77.152.31",
              "20.77.152.48",
              "20.77.152.61",
              "20.77.152.66",
              "20.77.152.101",
              "20.77.152.102",
              "20.77.152.232",
              "20.77.152.240",
              "20.77.152.255",
              "20.77.153.3",
              "20.77.153.30",
              "20.77.153.65",
              "20.77.153.88",
              "20.77.153.96",
              "20.77.153.98",
              "20.77.153.105",
              "20.77.153.184",
              "20.77.153.192",
              "51.132.44.190",
              "51.132.46.87",
              "51.132.46.135",
              "51.132.47.69",
              "51.104.28.73"
            ],
            "possible_outbound_ip_addresses": "51.132.155.253,51.132.157.68,51.132.157.239,51.132.158.218,51.132.159.105,51.132.159.146,51.132.159.206,20.77.152.18,20.77.152.31,20.77.152.48,20.77.152.61,20.77.152.66,20.77.152.101,20.77.152.102,20.77.152.232,20.77.152.240,20.77.152.255,20.77.153.3,20.77.153.30,20.77.153.65,20.77.153.88,20.77.153.96,20.77.153.98,20.77.153.105,20.77.153.184,20.77.153.192,51.132.44.190,51.132.46.87,51.132.46.135,51.132.47.69,51.104.28.73",
            "resource_group_name": "wamdahhassan-rg",
            "site_config": [
              {
                "always_on": false,
                "app_command_line": "",
                "auto_swap_slot_name": "",
                "cors": [],
                "default_documents": [
                  "Default.htm",
                  "Default.html",
                  "Default.asp",
                  "index.htm",
                  "index.html",
                  "iisstart.htm",
                  "default.aspx",
                  "index.php",
                  "hostingstart.html"
                ],
                "dotnet_framework_version": "v4.0",
                "ftps_state": "AllAllowed",
                "health_check_path": "",
                "http2_enabled": false,
                "ip_restriction": [],
                "java_container": "",
                "java_container_version": "",
                "java_version": "",
                "linux_fx_version": "",
                "local_mysql_enabled": false,
                "managed_pipeline_mode": "Integrated",
                "min_tls_version": "1.2",
                "number_of_workers": 1,
                "php_version": "5.6",
                "python_version": "",
                "remote_debugging_enabled": false,
                "remote_debugging_version": "",
                "scm_ip_restriction": [],
                "scm_type": "None",
                "scm_use_main_ip_restriction": false,
                "use_32_bit_worker_process": true,
                "websockets_enabled": false,
                "windows_fx_version": ""
              }
            ],
            "site_credential": [
              {
                "password": "Te8xtEx7LG7rYpb9W9f0EqwnEPvox4k6Nvpncp20xwrevSaNL2pMibc2ZBxx",
                "username": "$wamdahhassan-merge-service"
              }
            ],
            "source_control": [
              {
                "branch": "master",
                "manual_integration": false,
                "repo_url": "",
                "rollback_enabled": false,
                "use_mercurial": false
              }
            ],
            "storage_account": [],
            "tags": {},
            "timeouts": null
          },
          "sensitive_attributes": [],
          "private": "eyJlMmJmYjczMC1lY2FhLTExZTYtOGY4OC0zNDM2M2JjN2M0YzAiOnsiY3JlYXRlIjoxODAwMDAwMDAwMDAwLCJkZWxldGUiOjE4MDAwMDAwMDAwMDAsInJlYWQiOjMwMDAwMDAwMDAwMCwidXBkYXRlIjoxODAwMDAwMDAwMDAwfX0=",
          "dependencies": [
            "azurerm_app_service_plan.sp",
            "azurerm_resource_group.rg"
          ]
        }
      ]
    },
    {
      "mode": "managed",
      "type": "azurerm_app_service",
      "name": "webapp2",
      "provider": "provider[\"registry.terraform.io/hashicorp/azurerm\"]",
      "instances": [
        {
          "schema_version": 0,
          "attributes": {
            "app_service_plan_id": "/subscriptions/3eba6e29-3983-495b-a539-c3c4b43fb90c/resourceGroups/wamdahhassan-rg/providers/Microsoft.Web/serverfarms/wamdah-app-svc",
            "app_settings": {
              "WEBSITE_NODE_DEFAULT_VERSION": "6.9.1"
            },
            "auth_settings": [
              {
                "active_directory": [],
                "additional_login_params": {},
                "allowed_external_redirect_urls": [],
                "default_provider": "",
                "enabled": false,
                "facebook": [],
                "google": [],
                "issuer": "",
                "microsoft": [],
                "runtime_version": "",
                "token_refresh_extension_hours": 0,
                "token_store_enabled": false,
                "twitter": [],
                "unauthenticated_client_action": ""
              }
            ],
            "backup": [],
            "client_affinity_enabled": false,
            "client_cert_enabled": false,
            "connection_string": [],
            "custom_domain_verification_id": "08B3C2E0AEB48E3EDFC47AC4F2F3CA5C393F62FB811BBE846BB7D687F96D1078",
            "default_site_hostname": "wamdahhassan-randnumbers-service.azurewebsites.net",
            "enabled": true,
            "https_only": false,
            "id": "/subscriptions/3eba6e29-3983-495b-a539-c3c4b43fb90c/resourceGroups/wamdahhassan-rg/providers/Microsoft.Web/sites/wamdahhassan-randnumbers-service",
            "identity": [],
            "location": "uksouth",
            "logs": [
              {
                "application_logs": [
                  {
                    "azure_blob_storage": [],
                    "file_system_level": "Off"
                  }
                ],
                "detailed_error_messages_enabled": false,
                "failed_request_tracing_enabled": false,
                "http_logs": [
                  {
                    "azure_blob_storage": [],
                    "file_system": []
                  }
                ]
              }
            ],
            "name": "wamdahhassan-randnumbers-service",
            "outbound_ip_address_list": [
              "51.132.155.253",
              "51.132.157.68",
              "51.132.157.239",
              "51.132.158.218",
              "51.132.159.105",
              "51.132.159.146",
              "51.104.28.73"
            ],
            "outbound_ip_addresses": "51.132.155.253,51.132.157.68,51.132.157.239,51.132.158.218,51.132.159.105,51.132.159.146,51.104.28.73",
            "possible_outbound_ip_address_list": [
              "51.132.155.253",
              "51.132.157.68",
              "51.132.157.239",
              "51.132.158.218",
              "51.132.159.105",
              "51.132.159.146",
              "51.132.159.206",
              "20.77.152.18",
              "20.77.152.31",
              "20.77.152.48",
              "20.77.152.61",
              "20.77.152.66",
              "20.77.152.101",
              "20.77.152.102",
              "20.77.152.232",
              "20.77.152.240",
              "20.77.152.255",
              "20.77.153.3",
              "20.77.153.30",
              "20.77.153.65",
              "20.77.153.88",
              "20.77.153.96",
              "20.77.153.98",
              "20.77.153.105",
              "20.77.153.184",
              "20.77.153.192",
              "51.132.44.190",
              "51.132.46.87",
              "51.132.46.135",
              "51.132.47.69",
              "51.104.28.73"
            ],
            "possible_outbound_ip_addresses": "51.132.155.253,51.132.157.68,51.132.157.239,51.132.158.218,51.132.159.105,51.132.159.146,51.132.159.206,20.77.152.18,20.77.152.31,20.77.152.48,20.77.152.61,20.77.152.66,20.77.152.101,20.77.152.102,20.77.152.232,20.77.152.240,20.77.152.255,20.77.153.3,20.77.153.30,20.77.153.65,20.77.153.88,20.77.153.96,20.77.153.98,20.77.153.105,20.77.153.184,20.77.153.192,51.132.44.190,51.132.46.87,51.132.46.135,51.132.47.69,51.104.28.73",
            "resource_group_name": "wamdahhassan-rg",
            "site_config": [
              {
                "always_on": false,
                "app_command_line": "",
                "auto_swap_slot_name": "",
                "cors": [],
                "default_documents": [
                  "Default.htm",
                  "Default.html",
                  "Default.asp",
                  "index.htm",
                  "index.html",
                  "iisstart.htm",
                  "default.aspx",
                  "index.php",
                  "hostingstart.html"
                ],
                "dotnet_framework_version": "v4.0",
                "ftps_state": "AllAllowed",
                "health_check_path": "",
                "http2_enabled": false,
                "ip_restriction": [],
                "java_container": "",
                "java_container_version": "",
                "java_version": "",
                "linux_fx_version": "",
                "local_mysql_enabled": false,
                "managed_pipeline_mode": "Integrated",
                "min_tls_version": "1.2",
                "number_of_workers": 1,
                "php_version": "5.6",
                "python_version": "",
                "remote_debugging_enabled": false,
                "remote_debugging_version": "",
                "scm_ip_restriction": [],
                "scm_type": "None",
                "scm_use_main_ip_restriction": false,
                "use_32_bit_worker_process": true,
                "websockets_enabled": false,
                "windows_fx_version": ""
              }
            ],
            "site_credential": [
              {
                "password": "r9Rcm4yoXrTu6aAyv3jBGBhhL7Ti9lvjzxYsXETD5ivxcF0DqgB3qBx1EirE",
                "username": "$wamdahhassan-randnumbers-service"
              }
            ],
            "source_control": [
              {
                "branch": "master",
                "manual_integration": false,
                "repo_url": "",
                "rollback_enabled": false,
                "use_mercurial": false
              }
            ],
            "storage_account": [],
            "tags": {},
            "timeouts": null
          },
          "sensitive_attributes": [],
          "private": "eyJlMmJmYjczMC1lY2FhLTExZTYtOGY4OC0zNDM2M2JjN2M0YzAiOnsiY3JlYXRlIjoxODAwMDAwMDAwMDAwLCJkZWxldGUiOjE4MDAwMDAwMDAwMDAsInJlYWQiOjMwMDAwMDAwMDAwMCwidXBkYXRlIjoxODAwMDAwMDAwMDAwfX0=",
          "dependencies": [
            "azurerm_app_service_plan.sp",
            "azurerm_resource_group.rg"
          ]
        }
      ]
    },
    {
      "mode": "managed",
      "type": "azurerm_app_service",
      "name": "webapp3",
      "provider": "provider[\"registry.terraform.io/hashicorp/azurerm\"]",
      "instances": [
        {
          "schema_version": 0,
          "attributes": {
            "app_service_plan_id": "/subscriptions/3eba6e29-3983-495b-a539-c3c4b43fb90c/resourceGroups/wamdahhassan-rg/providers/Microsoft.Web/serverfarms/wamdah-app-svc",
            "app_settings": {
              "WEBSITE_NODE_DEFAULT_VERSION": "6.9.1"
            },
            "auth_settings": [
              {
                "active_directory": [],
                "additional_login_params": {},
                "allowed_external_redirect_urls": [],
                "default_provider": "",
                "enabled": false,
                "facebook": [],
                "google": [],
                "issuer": "",
                "microsoft": [],
                "runtime_version": "",
                "token_refresh_extension_hours": 0,
                "token_store_enabled": false,
                "twitter": [],
                "unauthenticated_client_action": ""
              }
            ],
            "backup": [],
            "client_affinity_enabled": false,
            "client_cert_enabled": false,
            "connection_string": [],
            "custom_domain_verification_id": "08B3C2E0AEB48E3EDFC47AC4F2F3CA5C393F62FB811BBE846BB7D687F96D1078",
            "default_site_hostname": "wamdahhassan-randletters-service.azurewebsites.net",
            "enabled": true,
            "https_only": false,
            "id": "/subscriptions/3eba6e29-3983-495b-a539-c3c4b43fb90c/resourceGroups/wamdahhassan-rg/providers/Microsoft.Web/sites/wamdahhassan-randletters-service",
            "identity": [],
            "location": "uksouth",
            "logs": [
              {
                "application_logs": [
                  {
                    "azure_blob_storage": [],
                    "file_system_level": "Off"
                  }
                ],
                "detailed_error_messages_enabled": false,
                "failed_request_tracing_enabled": false,
                "http_logs": [
                  {
                    "azure_blob_storage": [],
                    "file_system": []
                  }
                ]
              }
            ],
            "name": "wamdahhassan-randletters-service",
            "outbound_ip_address_list": [
              "51.132.155.253",
              "51.132.157.68",
              "51.132.157.239",
              "51.132.158.218",
              "51.132.159.105",
              "51.132.159.146",
              "51.104.28.73"
            ],
            "outbound_ip_addresses": "51.132.155.253,51.132.157.68,51.132.157.239,51.132.158.218,51.132.159.105,51.132.159.146,51.104.28.73",
            "possible_outbound_ip_address_list": [
              "51.132.155.253",
              "51.132.157.68",
              "51.132.157.239",
              "51.132.158.218",
              "51.132.159.105",
              "51.132.159.146",
              "51.132.159.206",
              "20.77.152.18",
              "20.77.152.31",
              "20.77.152.48",
              "20.77.152.61",
              "20.77.152.66",
              "20.77.152.101",
              "20.77.152.102",
              "20.77.152.232",
              "20.77.152.240",
              "20.77.152.255",
              "20.77.153.3",
              "20.77.153.30",
              "20.77.153.65",
              "20.77.153.88",
              "20.77.153.96",
              "20.77.153.98",
              "20.77.153.105",
              "20.77.153.184",
              "20.77.153.192",
              "51.132.44.190",
              "51.132.46.87",
              "51.132.46.135",
              "51.132.47.69",
              "51.104.28.73"
            ],
            "possible_outbound_ip_addresses": "51.132.155.253,51.132.157.68,51.132.157.239,51.132.158.218,51.132.159.105,51.132.159.146,51.132.159.206,20.77.152.18,20.77.152.31,20.77.152.48,20.77.152.61,20.77.152.66,20.77.152.101,20.77.152.102,20.77.152.232,20.77.152.240,20.77.152.255,20.77.153.3,20.77.153.30,20.77.153.65,20.77.153.88,20.77.153.96,20.77.153.98,20.77.153.105,20.77.153.184,20.77.153.192,51.132.44.190,51.132.46.87,51.132.46.135,51.132.47.69,51.104.28.73",
            "resource_group_name": "wamdahhassan-rg",
            "site_config": [
              {
                "always_on": false,
                "app_command_line": "",
                "auto_swap_slot_name": "",
                "cors": [],
                "default_documents": [
                  "Default.htm",
                  "Default.html",
                  "Default.asp",
                  "index.htm",
                  "index.html",
                  "iisstart.htm",
                  "default.aspx",
                  "index.php",
                  "hostingstart.html"
                ],
                "dotnet_framework_version": "v4.0",
                "ftps_state": "AllAllowed",
                "health_check_path": "",
                "http2_enabled": false,
                "ip_restriction": [],
                "java_container": "",
                "java_container_version": "",
                "java_version": "",
                "linux_fx_version": "",
                "local_mysql_enabled": false,
                "managed_pipeline_mode": "Integrated",
                "min_tls_version": "1.2",
                "number_of_workers": 1,
                "php_version": "5.6",
                "python_version": "",
                "remote_debugging_enabled": false,
                "remote_debugging_version": "",
                "scm_ip_restriction": [],
                "scm_type": "None",
                "scm_use_main_ip_restriction": false,
                "use_32_bit_worker_process": true,
                "websockets_enabled": false,
                "windows_fx_version": ""
              }
            ],
            "site_credential": [
              {
                "password": "bgvnYTad53v0C9Qw6cZFckRgrbfhFcaoL3pkLKWPRGLvP5rltLrh4xr42Esa",
                "username": "$wamdahhassan-randletters-service"
              }
            ],
            "source_control": [
              {
                "branch": "master",
                "manual_integration": false,
                "repo_url": "",
                "rollback_enabled": false,
                "use_mercurial": false
              }
            ],
            "storage_account": [],
            "tags": null,
            "timeouts": null
          },
          "sensitive_attributes": [],
          "private": "eyJlMmJmYjczMC1lY2FhLTExZTYtOGY4OC0zNDM2M2JjN2M0YzAiOnsiY3JlYXRlIjoxODAwMDAwMDAwMDAwLCJkZWxldGUiOjE4MDAwMDAwMDAwMDAsInJlYWQiOjMwMDAwMDAwMDAwMCwidXBkYXRlIjoxODAwMDAwMDAwMDAwfX0=",
          "dependencies": [
            "azurerm_app_service_plan.sp",
            "azurerm_resource_group.rg"
          ]
        }
      ]
    },
    {
      "mode": "managed",
      "type": "azurerm_app_service_plan",
      "name": "sp",
      "provider": "provider[\"registry.terraform.io/hashicorp/azurerm\"]",
      "instances": [
        {
          "schema_version": 0,
          "attributes": {
            "app_service_environment_id": "",
            "id": "/subscriptions/3eba6e29-3983-495b-a539-c3c4b43fb90c/resourceGroups/wamdahhassan-rg/providers/Microsoft.Web/serverfarms/wamdah-app-svc",
            "is_xenon": false,
            "kind": "Windows",
            "location": "uksouth",
            "maximum_elastic_worker_count": 1,
            "maximum_number_of_workers": 3,
            "name": "wamdah-app-svc",
            "per_site_scaling": false,
            "reserved": false,
            "resource_group_name": "wamdahhassan-rg",
            "sku": [
              {
                "capacity": 1,
                "size": "B1",
                "tier": "Basic"
              }
            ],
            "tags": {},
            "timeouts": null
          },
          "sensitive_attributes": [],
          "private": "eyJlMmJmYjczMC1lY2FhLTExZTYtOGY4OC0zNDM2M2JjN2M0YzAiOnsiY3JlYXRlIjozNjAwMDAwMDAwMDAwLCJkZWxldGUiOjM2MDAwMDAwMDAwMDAsInJlYWQiOjMwMDAwMDAwMDAwMCwidXBkYXRlIjozNjAwMDAwMDAwMDAwfX0=",
          "dependencies": [
            "azurerm_resource_group.rg"
          ]
        }
      ]
    },
    {
      "mode": "managed",
      "type": "azurerm_resource_group",
      "name": "rg",
      "provider": "provider[\"registry.terraform.io/hashicorp/azurerm\"]",
      "instances": [
        {
          "schema_version": 0,
          "attributes": {
            "id": "/subscriptions/3eba6e29-3983-495b-a539-c3c4b43fb90c/resourceGroups/wamdahhassan-rg",
            "location": "uksouth",
            "name": "wamdahhassan-rg",
            "tags": {},
            "timeouts": null
          },
          "sensitive_attributes": [],
          "private": "eyJlMmJmYjczMC1lY2FhLTExZTYtOGY4OC0zNDM2M2JjN2M0YzAiOnsiY3JlYXRlIjo1NDAwMDAwMDAwMDAwLCJkZWxldGUiOjU0MDAwMDAwMDAwMDAsInJlYWQiOjMwMDAwMDAwMDAwMCwidXBkYXRlIjo1NDAwMDAwMDAwMDAwfX0="
        }
      ]
    }
  ]
}
